// !$*UTF8*$!
{
	archiveVersion = 1;
	classes = {
	};
	objectVersion = 48;
	objects = {

/* Begin PBXBuildFile section */
		2A099ED12004575A007B519F /* BarFilterController.swift in Sources */ = {isa = PBXBuildFile; fileRef = 2A099ED02004575A007B519F /* BarFilterController.swift */; };
		2A099ED3200460F9007B519F /* EventCell.swift in Sources */ = {isa = PBXBuildFile; fileRef = 2A099ED2200460F9007B519F /* EventCell.swift */; };
		2A099ED520046333007B519F /* APIManager.swift in Sources */ = {isa = PBXBuildFile; fileRef = 2A099ED420046333007B519F /* APIManager.swift */; };
		2A14CCD120485308001307CC /* Popup.swift in Sources */ = {isa = PBXBuildFile; fileRef = 2A14CCD020485308001307CC /* Popup.swift */; };
		2A14CCD32049C8AE001307CC /* Reachability.swift in Sources */ = {isa = PBXBuildFile; fileRef = 2A14CCD22049C8AE001307CC /* Reachability.swift */; };
		2A14CCD52049CBB7001307CC /* NetworkManager.swift in Sources */ = {isa = PBXBuildFile; fileRef = 2A14CCD42049CBB7001307CC /* NetworkManager.swift */; };
		2A325C7C200CFE4000EAEF52 /* Extensions.swift in Sources */ = {isa = PBXBuildFile; fileRef = 2A325C7B200CFE4000EAEF52 /* Extensions.swift */; };
		2A325C7E200D164300EAEF52 /* SignInController.swift in Sources */ = {isa = PBXBuildFile; fileRef = 2A325C7D200D164300EAEF52 /* SignInController.swift */; };
		2A325CB5200D1C1600EAEF52 /* BrandonText-Bold.otf in Resources */ = {isa = PBXBuildFile; fileRef = 2A325CB0200D1C0F00EAEF52 /* BrandonText-Bold.otf */; };
		2A325CB6200D1C1600EAEF52 /* BrandonText-RegularItalic.otf in Resources */ = {isa = PBXBuildFile; fileRef = 2A325CB1200D1C1100EAEF52 /* BrandonText-RegularItalic.otf */; };
		2A325CB7200D1C1600EAEF52 /* BrandonText-Thin.otf in Resources */ = {isa = PBXBuildFile; fileRef = 2A325CB2200D1C1200EAEF52 /* BrandonText-Thin.otf */; };
		2A325CB8200D1C1600EAEF52 /* BrandonText-Light.otf in Resources */ = {isa = PBXBuildFile; fileRef = 2A325CB3200D1C1300EAEF52 /* BrandonText-Light.otf */; };
		2A325CB9200D1C1600EAEF52 /* BrandonText-Regular.otf in Resources */ = {isa = PBXBuildFile; fileRef = 2A325CB4200D1C1500EAEF52 /* BrandonText-Regular.otf */; };
		2A325CCA200D206500EAEF52 /* Sofia Pro Extra Light.otf in Resources */ = {isa = PBXBuildFile; fileRef = 2A325CBA200D204F00EAEF52 /* Sofia Pro Extra Light.otf */; };
		2A325CCB200D206500EAEF52 /* Sofia Pro Medium Italic.otf in Resources */ = {isa = PBXBuildFile; fileRef = 2A325CBB200D205000EAEF52 /* Sofia Pro Medium Italic.otf */; };
		2A325CCC200D206500EAEF52 /* Sofia Pro Ultra Light.otf in Resources */ = {isa = PBXBuildFile; fileRef = 2A325CBC200D205100EAEF52 /* Sofia Pro Ultra Light.otf */; };
		2A325CCD200D206500EAEF52 /* Sofia Pro Italic.otf in Resources */ = {isa = PBXBuildFile; fileRef = 2A325CBD200D205300EAEF52 /* Sofia Pro Italic.otf */; };
		2A325CCE200D206500EAEF52 /* Sofia Pro Regular.otf in Resources */ = {isa = PBXBuildFile; fileRef = 2A325CBE200D205400EAEF52 /* Sofia Pro Regular.otf */; };
		2A325CCF200D206500EAEF52 /* Sofia Pro Extra Light Italic.otf in Resources */ = {isa = PBXBuildFile; fileRef = 2A325CBF200D205500EAEF52 /* Sofia Pro Extra Light Italic.otf */; };
		2A325CD0200D206500EAEF52 /* Sofia Pro Semi Bold.otf in Resources */ = {isa = PBXBuildFile; fileRef = 2A325CC0200D205700EAEF52 /* Sofia Pro Semi Bold.otf */; };
		2A325CD1200D206500EAEF52 /* Sofia Pro Semi Bold Italic.otf in Resources */ = {isa = PBXBuildFile; fileRef = 2A325CC1200D205800EAEF52 /* Sofia Pro Semi Bold Italic.otf */; };
		2A325CD2200D206500EAEF52 /* Sofia Pro Ultra Light Italic.otf in Resources */ = {isa = PBXBuildFile; fileRef = 2A325CC2200D205900EAEF52 /* Sofia Pro Ultra Light Italic.otf */; };
		2A325CD3200D206500EAEF52 /* Sofia Pro Light Italic.otf in Resources */ = {isa = PBXBuildFile; fileRef = 2A325CC3200D205B00EAEF52 /* Sofia Pro Light Italic.otf */; };
		2A325CD4200D206500EAEF52 /* Sofia Pro Light.otf in Resources */ = {isa = PBXBuildFile; fileRef = 2A325CC4200D205C00EAEF52 /* Sofia Pro Light.otf */; };
		2A325CD5200D206500EAEF52 /* Sofia Pro Black Italic.otf in Resources */ = {isa = PBXBuildFile; fileRef = 2A325CC5200D205D00EAEF52 /* Sofia Pro Black Italic.otf */; };
		2A325CD6200D206500EAEF52 /* Sofia Pro Bold Italic.otf in Resources */ = {isa = PBXBuildFile; fileRef = 2A325CC6200D205F00EAEF52 /* Sofia Pro Bold Italic.otf */; };
		2A325CD7200D206500EAEF52 /* Sofia Pro Black.otf in Resources */ = {isa = PBXBuildFile; fileRef = 2A325CC7200D206100EAEF52 /* Sofia Pro Black.otf */; };
		2A325CD8200D206500EAEF52 /* Sofia Pro Bold.otf in Resources */ = {isa = PBXBuildFile; fileRef = 2A325CC8200D206200EAEF52 /* Sofia Pro Bold.otf */; };
		2A325CD9200D206500EAEF52 /* Sofia Pro Medium.otf in Resources */ = {isa = PBXBuildFile; fileRef = 2A325CC9200D206400EAEF52 /* Sofia Pro Medium.otf */; };
		2A325CDB200D645200EAEF52 /* SelectorSegmentedView.swift in Sources */ = {isa = PBXBuildFile; fileRef = 2A325CDA200D645200EAEF52 /* SelectorSegmentedView.swift */; };
		2A325CDD200D8AC800EAEF52 /* SearchListController.swift in Sources */ = {isa = PBXBuildFile; fileRef = 2A325CDC200D8AC800EAEF52 /* SearchListController.swift */; };
		2A325CE1200D99D900EAEF52 /* UpcomingController.swift in Sources */ = {isa = PBXBuildFile; fileRef = 2A325CE0200D99D900EAEF52 /* UpcomingController.swift */; };
		2A325CE5200DA3E900EAEF52 /* ProfileContainerController.swift in Sources */ = {isa = PBXBuildFile; fileRef = 2A325CE4200DA3E900EAEF52 /* ProfileContainerController.swift */; };
		2A325CE9200E569D00EAEF52 /* SkyFloatingLabelTextFieldWithIcon.swift in Sources */ = {isa = PBXBuildFile; fileRef = 2A325CE6200E569D00EAEF52 /* SkyFloatingLabelTextFieldWithIcon.swift */; };
		2A325CEA200E569D00EAEF52 /* SkyFloatingLabelTextField.swift in Sources */ = {isa = PBXBuildFile; fileRef = 2A325CE7200E569D00EAEF52 /* SkyFloatingLabelTextField.swift */; };
		2A325CED200EA9FE00EAEF52 /* ForgotPasswordController.swift in Sources */ = {isa = PBXBuildFile; fileRef = 2A325CEC200EA9FE00EAEF52 /* ForgotPasswordController.swift */; };
		2A325CEF200EBC5700EAEF52 /* BarSearchContainerController.swift in Sources */ = {isa = PBXBuildFile; fileRef = 2A325CEE200EBC5700EAEF52 /* BarSearchContainerController.swift */; };
		2A325CF1200EBC6C00EAEF52 /* BarSearchController.swift in Sources */ = {isa = PBXBuildFile; fileRef = 2A325CF0200EBC6C00EAEF52 /* BarSearchController.swift */; };
		2A325CF6200ED20800EAEF52 /* EventDetailController.swift in Sources */ = {isa = PBXBuildFile; fileRef = 2A325CF5200ED20800EAEF52 /* EventDetailController.swift */; };
		2A3EC1AB20111319009E3345 /* App.swift in Sources */ = {isa = PBXBuildFile; fileRef = 2A3EC1AA20111319009E3345 /* App.swift */; };
		2A3EFB922016D7A8004EBC20 /* OrganizationEventController.swift in Sources */ = {isa = PBXBuildFile; fileRef = 2A3EFB912016D7A8004EBC20 /* OrganizationEventController.swift */; };
		2A3EFB942016D7CE004EBC20 /* OrganizationEventContainerController.swift in Sources */ = {isa = PBXBuildFile; fileRef = 2A3EFB932016D7CD004EBC20 /* OrganizationEventContainerController.swift */; };
		2A3EFB962016D97A004EBC20 /* VolunteerController.swift in Sources */ = {isa = PBXBuildFile; fileRef = 2A3EFB952016D97A004EBC20 /* VolunteerController.swift */; };
		2A3EFB9A2017AFED004EBC20 /* OrganizationSignInController.swift in Sources */ = {isa = PBXBuildFile; fileRef = 2A3EFB992017AFED004EBC20 /* OrganizationSignInController.swift */; };
		2A3EFB9C20183425004EBC20 /* OrganizationProfileController.swift in Sources */ = {isa = PBXBuildFile; fileRef = 2A3EFB9B20183425004EBC20 /* OrganizationProfileController.swift */; };
		2A9EB0342016B8BC005FA408 /* AddEventController.swift in Sources */ = {isa = PBXBuildFile; fileRef = 2A9EB0332016B8BC005FA408 /* AddEventController.swift */; };
		2A9EB03C2016B90A005FA408 /* CompletedOrganizationController.swift in Sources */ = {isa = PBXBuildFile; fileRef = 2A9EB03B2016B90A005FA408 /* CompletedOrganizationController.swift */; };
		2AC6388F2001520B00144AD6 /* MapKit.framework in Frameworks */ = {isa = PBXBuildFile; fileRef = 2AC6388E2001520B00144AD6 /* MapKit.framework */; };
		2AC638912001560800144AD6 /* Event.swift in Sources */ = {isa = PBXBuildFile; fileRef = 2AC638902001560800144AD6 /* Event.swift */; };
		2AC638932001588600144AD6 /* ProfileController.swift in Sources */ = {isa = PBXBuildFile; fileRef = 2AC638922001588600144AD6 /* ProfileController.swift */; };
		2AC6389D200165E900144AD6 /* SignupInformationController.swift in Sources */ = {isa = PBXBuildFile; fileRef = 2AC6389C200165E900144AD6 /* SignupInformationController.swift */; };
		2AC638A42001687D00144AD6 /* QRScannerController.swift in Sources */ = {isa = PBXBuildFile; fileRef = 2AC638A32001687D00144AD6 /* QRScannerController.swift */; };
		2AC638A62001710700144AD6 /* CameraController.swift in Sources */ = {isa = PBXBuildFile; fileRef = 2AC638A52001710700144AD6 /* CameraController.swift */; };
		2AD8E628201B7B8D00384A36 /* CheckInConfirmationController.swift in Sources */ = {isa = PBXBuildFile; fileRef = 2AD8E627201B7B8D00384A36 /* CheckInConfirmationController.swift */; };
		2AEDBD19200146EB00756696 /* AppDelegate.swift in Sources */ = {isa = PBXBuildFile; fileRef = 2AEDBD18200146EB00756696 /* AppDelegate.swift */; };
		2AEDBD1E200146EB00756696 /* Main.storyboard in Resources */ = {isa = PBXBuildFile; fileRef = 2AEDBD1C200146EB00756696 /* Main.storyboard */; };
		2AEDBD21200146EB00756696 /* VolunteerNow.xcdatamodeld in Sources */ = {isa = PBXBuildFile; fileRef = 2AEDBD1F200146EB00756696 /* VolunteerNow.xcdatamodeld */; };
		2AEDBD23200146EB00756696 /* Assets.xcassets in Resources */ = {isa = PBXBuildFile; fileRef = 2AEDBD22200146EB00756696 /* Assets.xcassets */; };
		2AEDBD26200146EB00756696 /* LaunchScreen.storyboard in Resources */ = {isa = PBXBuildFile; fileRef = 2AEDBD24200146EB00756696 /* LaunchScreen.storyboard */; };
		2AEDBD2E20014B3800756696 /* ContainerSearchController.swift in Sources */ = {isa = PBXBuildFile; fileRef = 2AEDBD2D20014B3800756696 /* ContainerSearchController.swift */; };
		2AEDBD3220014B6A00756696 /* SearchMapController.swift in Sources */ = {isa = PBXBuildFile; fileRef = 2AEDBD3120014B6A00756696 /* SearchMapController.swift */; };
		2AEEDD112044D5B000A087F1 /* OrganizationEventActionsController.swift in Sources */ = {isa = PBXBuildFile; fileRef = 2AEEDD102044D5B000A087F1 /* OrganizationEventActionsController.swift */; };
		2AEEDD132044FF0300A087F1 /* EventMessageController.swift in Sources */ = {isa = PBXBuildFile; fileRef = 2AEEDD122044FF0300A087F1 /* EventMessageController.swift */; };
		2AF8ADF52010465A00A75683 /* CompletedController.swift in Sources */ = {isa = PBXBuildFile; fileRef = 2AF8ADF42010465A00A75683 /* CompletedController.swift */; };
		2AFC34DA20110D4D008568CA /* GoogleService-Info.plist in Resources */ = {isa = PBXBuildFile; fileRef = 2AFC34D920110D4D008568CA /* GoogleService-Info.plist */; };
		81DE77ED67D23CBA34113DB2 /* Pods_VolunteerNow.framework in Frameworks */ = {isa = PBXBuildFile; fileRef = 9A11E80A36312556DAD58F76 /* Pods_VolunteerNow.framework */; };
/* End PBXBuildFile section */

/* Begin PBXFileReference section */
		2A099ED02004575A007B519F /* BarFilterController.swift */ = {isa = PBXFileReference; lastKnownFileType = sourcecode.swift; path = BarFilterController.swift; sourceTree = "<group>"; };
		2A099ED2200460F9007B519F /* EventCell.swift */ = {isa = PBXFileReference; lastKnownFileType = sourcecode.swift; path = EventCell.swift; sourceTree = "<group>"; };
		2A099ED420046333007B519F /* APIManager.swift */ = {isa = PBXFileReference; lastKnownFileType = sourcecode.swift; path = APIManager.swift; sourceTree = "<group>"; };
		2A14CCD020485308001307CC /* Popup.swift */ = {isa = PBXFileReference; lastKnownFileType = sourcecode.swift; path = Popup.swift; sourceTree = "<group>"; };
		2A14CCD22049C8AE001307CC /* Reachability.swift */ = {isa = PBXFileReference; lastKnownFileType = sourcecode.swift; path = Reachability.swift; sourceTree = "<group>"; };
		2A14CCD42049CBB7001307CC /* NetworkManager.swift */ = {isa = PBXFileReference; lastKnownFileType = sourcecode.swift; path = NetworkManager.swift; sourceTree = "<group>"; };
		2A325C7B200CFE4000EAEF52 /* Extensions.swift */ = {isa = PBXFileReference; lastKnownFileType = sourcecode.swift; path = Extensions.swift; sourceTree = "<group>"; };
		2A325C7D200D164300EAEF52 /* SignInController.swift */ = {isa = PBXFileReference; lastKnownFileType = sourcecode.swift; path = SignInController.swift; sourceTree = "<group>"; };
		2A325CB0200D1C0F00EAEF52 /* BrandonText-Bold.otf */ = {isa = PBXFileReference; lastKnownFileType = file; path = "BrandonText-Bold.otf"; sourceTree = "<group>"; };
		2A325CB1200D1C1100EAEF52 /* BrandonText-RegularItalic.otf */ = {isa = PBXFileReference; lastKnownFileType = file; path = "BrandonText-RegularItalic.otf"; sourceTree = "<group>"; };
		2A325CB2200D1C1200EAEF52 /* BrandonText-Thin.otf */ = {isa = PBXFileReference; lastKnownFileType = file; path = "BrandonText-Thin.otf"; sourceTree = "<group>"; };
		2A325CB3200D1C1300EAEF52 /* BrandonText-Light.otf */ = {isa = PBXFileReference; lastKnownFileType = file; path = "BrandonText-Light.otf"; sourceTree = "<group>"; };
		2A325CB4200D1C1500EAEF52 /* BrandonText-Regular.otf */ = {isa = PBXFileReference; lastKnownFileType = file; path = "BrandonText-Regular.otf"; sourceTree = "<group>"; };
		2A325CBA200D204F00EAEF52 /* Sofia Pro Extra Light.otf */ = {isa = PBXFileReference; lastKnownFileType = file; path = "Sofia Pro Extra Light.otf"; sourceTree = "<group>"; };
		2A325CBB200D205000EAEF52 /* Sofia Pro Medium Italic.otf */ = {isa = PBXFileReference; lastKnownFileType = file; path = "Sofia Pro Medium Italic.otf"; sourceTree = "<group>"; };
		2A325CBC200D205100EAEF52 /* Sofia Pro Ultra Light.otf */ = {isa = PBXFileReference; lastKnownFileType = file; path = "Sofia Pro Ultra Light.otf"; sourceTree = "<group>"; };
		2A325CBD200D205300EAEF52 /* Sofia Pro Italic.otf */ = {isa = PBXFileReference; lastKnownFileType = file; path = "Sofia Pro Italic.otf"; sourceTree = "<group>"; };
		2A325CBE200D205400EAEF52 /* Sofia Pro Regular.otf */ = {isa = PBXFileReference; lastKnownFileType = file; path = "Sofia Pro Regular.otf"; sourceTree = "<group>"; };
		2A325CBF200D205500EAEF52 /* Sofia Pro Extra Light Italic.otf */ = {isa = PBXFileReference; lastKnownFileType = file; path = "Sofia Pro Extra Light Italic.otf"; sourceTree = "<group>"; };
		2A325CC0200D205700EAEF52 /* Sofia Pro Semi Bold.otf */ = {isa = PBXFileReference; lastKnownFileType = file; path = "Sofia Pro Semi Bold.otf"; sourceTree = "<group>"; };
		2A325CC1200D205800EAEF52 /* Sofia Pro Semi Bold Italic.otf */ = {isa = PBXFileReference; lastKnownFileType = file; path = "Sofia Pro Semi Bold Italic.otf"; sourceTree = "<group>"; };
		2A325CC2200D205900EAEF52 /* Sofia Pro Ultra Light Italic.otf */ = {isa = PBXFileReference; lastKnownFileType = file; path = "Sofia Pro Ultra Light Italic.otf"; sourceTree = "<group>"; };
		2A325CC3200D205B00EAEF52 /* Sofia Pro Light Italic.otf */ = {isa = PBXFileReference; lastKnownFileType = file; path = "Sofia Pro Light Italic.otf"; sourceTree = "<group>"; };
		2A325CC4200D205C00EAEF52 /* Sofia Pro Light.otf */ = {isa = PBXFileReference; lastKnownFileType = file; path = "Sofia Pro Light.otf"; sourceTree = "<group>"; };
		2A325CC5200D205D00EAEF52 /* Sofia Pro Black Italic.otf */ = {isa = PBXFileReference; lastKnownFileType = file; path = "Sofia Pro Black Italic.otf"; sourceTree = "<group>"; };
		2A325CC6200D205F00EAEF52 /* Sofia Pro Bold Italic.otf */ = {isa = PBXFileReference; lastKnownFileType = file; path = "Sofia Pro Bold Italic.otf"; sourceTree = "<group>"; };
		2A325CC7200D206100EAEF52 /* Sofia Pro Black.otf */ = {isa = PBXFileReference; lastKnownFileType = file; path = "Sofia Pro Black.otf"; sourceTree = "<group>"; };
		2A325CC8200D206200EAEF52 /* Sofia Pro Bold.otf */ = {isa = PBXFileReference; lastKnownFileType = file; path = "Sofia Pro Bold.otf"; sourceTree = "<group>"; };
		2A325CC9200D206400EAEF52 /* Sofia Pro Medium.otf */ = {isa = PBXFileReference; lastKnownFileType = file; path = "Sofia Pro Medium.otf"; sourceTree = "<group>"; };
		2A325CDA200D645200EAEF52 /* SelectorSegmentedView.swift */ = {isa = PBXFileReference; lastKnownFileType = sourcecode.swift; path = SelectorSegmentedView.swift; sourceTree = "<group>"; };
		2A325CDC200D8AC800EAEF52 /* SearchListController.swift */ = {isa = PBXFileReference; lastKnownFileType = sourcecode.swift; path = SearchListController.swift; sourceTree = "<group>"; };
		2A325CE0200D99D900EAEF52 /* UpcomingController.swift */ = {isa = PBXFileReference; lastKnownFileType = sourcecode.swift; path = UpcomingController.swift; sourceTree = "<group>"; };
		2A325CE4200DA3E900EAEF52 /* ProfileContainerController.swift */ = {isa = PBXFileReference; lastKnownFileType = sourcecode.swift; path = ProfileContainerController.swift; sourceTree = "<group>"; };
		2A325CE6200E569D00EAEF52 /* SkyFloatingLabelTextFieldWithIcon.swift */ = {isa = PBXFileReference; fileEncoding = 4; lastKnownFileType = sourcecode.swift; path = SkyFloatingLabelTextFieldWithIcon.swift; sourceTree = "<group>"; };
		2A325CE7200E569D00EAEF52 /* SkyFloatingLabelTextField.swift */ = {isa = PBXFileReference; fileEncoding = 4; lastKnownFileType = sourcecode.swift; path = SkyFloatingLabelTextField.swift; sourceTree = "<group>"; };
		2A325CEC200EA9FE00EAEF52 /* ForgotPasswordController.swift */ = {isa = PBXFileReference; lastKnownFileType = sourcecode.swift; path = ForgotPasswordController.swift; sourceTree = "<group>"; };
		2A325CEE200EBC5700EAEF52 /* BarSearchContainerController.swift */ = {isa = PBXFileReference; lastKnownFileType = sourcecode.swift; path = BarSearchContainerController.swift; sourceTree = "<group>"; };
		2A325CF0200EBC6C00EAEF52 /* BarSearchController.swift */ = {isa = PBXFileReference; lastKnownFileType = sourcecode.swift; path = BarSearchController.swift; sourceTree = "<group>"; };
		2A325CF5200ED20800EAEF52 /* EventDetailController.swift */ = {isa = PBXFileReference; lastKnownFileType = sourcecode.swift; path = EventDetailController.swift; sourceTree = "<group>"; };
		2A3EC1AA20111319009E3345 /* App.swift */ = {isa = PBXFileReference; lastKnownFileType = sourcecode.swift; path = App.swift; sourceTree = "<group>"; };
		2A3EFB912016D7A8004EBC20 /* OrganizationEventController.swift */ = {isa = PBXFileReference; lastKnownFileType = sourcecode.swift; path = OrganizationEventController.swift; sourceTree = "<group>"; };
		2A3EFB932016D7CD004EBC20 /* OrganizationEventContainerController.swift */ = {isa = PBXFileReference; lastKnownFileType = sourcecode.swift; path = OrganizationEventContainerController.swift; sourceTree = "<group>"; };
		2A3EFB952016D97A004EBC20 /* VolunteerController.swift */ = {isa = PBXFileReference; lastKnownFileType = sourcecode.swift; path = VolunteerController.swift; sourceTree = "<group>"; };
		2A3EFB992017AFED004EBC20 /* OrganizationSignInController.swift */ = {isa = PBXFileReference; lastKnownFileType = sourcecode.swift; path = OrganizationSignInController.swift; sourceTree = "<group>"; };
		2A3EFB9B20183425004EBC20 /* OrganizationProfileController.swift */ = {isa = PBXFileReference; lastKnownFileType = sourcecode.swift; path = OrganizationProfileController.swift; sourceTree = "<group>"; };
		2A668B87201CD50F00FCA868 /* WheelerLocation.gpx */ = {isa = PBXFileReference; lastKnownFileType = text.xml; path = WheelerLocation.gpx; sourceTree = "<group>"; };
		2A9EB0332016B8BC005FA408 /* AddEventController.swift */ = {isa = PBXFileReference; lastKnownFileType = sourcecode.swift; path = AddEventController.swift; sourceTree = "<group>"; };
		2A9EB03B2016B90A005FA408 /* CompletedOrganizationController.swift */ = {isa = PBXFileReference; lastKnownFileType = sourcecode.swift; path = CompletedOrganizationController.swift; sourceTree = "<group>"; };
		2AC6388C2001520200144AD6 /* VolunteerNow.entitlements */ = {isa = PBXFileReference; lastKnownFileType = text.plist.entitlements; path = VolunteerNow.entitlements; sourceTree = "<group>"; };
		2AC6388E2001520B00144AD6 /* MapKit.framework */ = {isa = PBXFileReference; lastKnownFileType = wrapper.framework; name = MapKit.framework; path = System/Library/Frameworks/MapKit.framework; sourceTree = SDKROOT; };
		2AC638902001560800144AD6 /* Event.swift */ = {isa = PBXFileReference; lastKnownFileType = sourcecode.swift; path = Event.swift; sourceTree = "<group>"; };
		2AC638922001588600144AD6 /* ProfileController.swift */ = {isa = PBXFileReference; lastKnownFileType = sourcecode.swift; path = ProfileController.swift; sourceTree = "<group>"; };
		2AC6389C200165E900144AD6 /* SignupInformationController.swift */ = {isa = PBXFileReference; lastKnownFileType = sourcecode.swift; path = SignupInformationController.swift; sourceTree = "<group>"; };
		2AC638A32001687D00144AD6 /* QRScannerController.swift */ = {isa = PBXFileReference; lastKnownFileType = sourcecode.swift; path = QRScannerController.swift; sourceTree = "<group>"; };
		2AC638A52001710700144AD6 /* CameraController.swift */ = {isa = PBXFileReference; lastKnownFileType = sourcecode.swift; path = CameraController.swift; sourceTree = "<group>"; };
		2AD8E627201B7B8D00384A36 /* CheckInConfirmationController.swift */ = {isa = PBXFileReference; lastKnownFileType = sourcecode.swift; path = CheckInConfirmationController.swift; sourceTree = "<group>"; };
		2AEDBD15200146EB00756696 /* VolunteerNow.app */ = {isa = PBXFileReference; explicitFileType = wrapper.application; includeInIndex = 0; path = VolunteerNow.app; sourceTree = BUILT_PRODUCTS_DIR; };
		2AEDBD18200146EB00756696 /* AppDelegate.swift */ = {isa = PBXFileReference; lastKnownFileType = sourcecode.swift; path = AppDelegate.swift; sourceTree = "<group>"; };
		2AEDBD1D200146EB00756696 /* Base */ = {isa = PBXFileReference; lastKnownFileType = file.storyboard; name = Base; path = Base.lproj/Main.storyboard; sourceTree = "<group>"; };
		2AEDBD20200146EB00756696 /* VolunteerNow.xcdatamodel */ = {isa = PBXFileReference; lastKnownFileType = wrapper.xcdatamodel; path = VolunteerNow.xcdatamodel; sourceTree = "<group>"; };
		2AEDBD22200146EB00756696 /* Assets.xcassets */ = {isa = PBXFileReference; lastKnownFileType = folder.assetcatalog; path = Assets.xcassets; sourceTree = "<group>"; };
		2AEDBD25200146EB00756696 /* Base */ = {isa = PBXFileReference; lastKnownFileType = file.storyboard; name = Base; path = Base.lproj/LaunchScreen.storyboard; sourceTree = "<group>"; };
		2AEDBD27200146EB00756696 /* Info.plist */ = {isa = PBXFileReference; lastKnownFileType = text.plist.xml; path = Info.plist; sourceTree = "<group>"; };
		2AEDBD2D20014B3800756696 /* ContainerSearchController.swift */ = {isa = PBXFileReference; lastKnownFileType = sourcecode.swift; path = ContainerSearchController.swift; sourceTree = "<group>"; };
		2AEDBD3120014B6A00756696 /* SearchMapController.swift */ = {isa = PBXFileReference; lastKnownFileType = sourcecode.swift; path = SearchMapController.swift; sourceTree = "<group>"; };
		2AEEDD102044D5B000A087F1 /* OrganizationEventActionsController.swift */ = {isa = PBXFileReference; lastKnownFileType = sourcecode.swift; path = OrganizationEventActionsController.swift; sourceTree = "<group>"; };
		2AEEDD122044FF0300A087F1 /* EventMessageController.swift */ = {isa = PBXFileReference; lastKnownFileType = sourcecode.swift; path = EventMessageController.swift; sourceTree = "<group>"; };
		2AF8ADF42010465A00A75683 /* CompletedController.swift */ = {isa = PBXFileReference; lastKnownFileType = sourcecode.swift; path = CompletedController.swift; sourceTree = "<group>"; };
		2AFC34D920110D4D008568CA /* GoogleService-Info.plist */ = {isa = PBXFileReference; fileEncoding = 4; lastKnownFileType = text.plist.xml; path = "GoogleService-Info.plist"; sourceTree = "<group>"; };
		5C80AB10AF48A9EFE8313932 /* Pods-VolunteerNow.release.xcconfig */ = {isa = PBXFileReference; includeInIndex = 1; lastKnownFileType = text.xcconfig; name = "Pods-VolunteerNow.release.xcconfig"; path = "Pods/Target Support Files/Pods-VolunteerNow/Pods-VolunteerNow.release.xcconfig"; sourceTree = "<group>"; };
		9A11E80A36312556DAD58F76 /* Pods_VolunteerNow.framework */ = {isa = PBXFileReference; explicitFileType = wrapper.framework; includeInIndex = 0; path = Pods_VolunteerNow.framework; sourceTree = BUILT_PRODUCTS_DIR; };
		E90FD5BD541A839F16584DA4 /* Pods-VolunteerNow.debug.xcconfig */ = {isa = PBXFileReference; includeInIndex = 1; lastKnownFileType = text.xcconfig; name = "Pods-VolunteerNow.debug.xcconfig"; path = "Pods/Target Support Files/Pods-VolunteerNow/Pods-VolunteerNow.debug.xcconfig"; sourceTree = "<group>"; };
/* End PBXFileReference section */

/* Begin PBXFrameworksBuildPhase section */
		2AEDBD12200146EB00756696 /* Frameworks */ = {
			isa = PBXFrameworksBuildPhase;
			buildActionMask = 2147483647;
			files = (
				2AC6388F2001520B00144AD6 /* MapKit.framework in Frameworks */,
				81DE77ED67D23CBA34113DB2 /* Pods_VolunteerNow.framework in Frameworks */,
			);
			runOnlyForDeploymentPostprocessing = 0;
		};
/* End PBXFrameworksBuildPhase section */

/* Begin PBXGroup section */
		2A325C7F200D199100EAEF52 /* Fonts */ = {
			isa = PBXGroup;
			children = (
				2A325CC7200D206100EAEF52 /* Sofia Pro Black.otf */,
				2A325CC5200D205D00EAEF52 /* Sofia Pro Black Italic.otf */,
				2A325CC8200D206200EAEF52 /* Sofia Pro Bold.otf */,
				2A325CC6200D205F00EAEF52 /* Sofia Pro Bold Italic.otf */,
				2A325CBA200D204F00EAEF52 /* Sofia Pro Extra Light.otf */,
				2A325CBF200D205500EAEF52 /* Sofia Pro Extra Light Italic.otf */,
				2A325CBD200D205300EAEF52 /* Sofia Pro Italic.otf */,
				2A325CC4200D205C00EAEF52 /* Sofia Pro Light.otf */,
				2A325CC3200D205B00EAEF52 /* Sofia Pro Light Italic.otf */,
				2A325CC9200D206400EAEF52 /* Sofia Pro Medium.otf */,
				2A325CBB200D205000EAEF52 /* Sofia Pro Medium Italic.otf */,
				2A325CBE200D205400EAEF52 /* Sofia Pro Regular.otf */,
				2A325CC0200D205700EAEF52 /* Sofia Pro Semi Bold.otf */,
				2A325CC1200D205800EAEF52 /* Sofia Pro Semi Bold Italic.otf */,
				2A325CBC200D205100EAEF52 /* Sofia Pro Ultra Light.otf */,
				2A325CC2200D205900EAEF52 /* Sofia Pro Ultra Light Italic.otf */,
				2A325CB0200D1C0F00EAEF52 /* BrandonText-Bold.otf */,
				2A325CB3200D1C1300EAEF52 /* BrandonText-Light.otf */,
				2A325CB4200D1C1500EAEF52 /* BrandonText-Regular.otf */,
				2A325CB1200D1C1100EAEF52 /* BrandonText-RegularItalic.otf */,
				2A325CB2200D1C1200EAEF52 /* BrandonText-Thin.otf */,
			);
			path = Fonts;
			sourceTree = "<group>";
		};
		2A325CDE200D997500EAEF52 /* Custom */ = {
			isa = PBXGroup;
			children = (
				2A325CE7200E569D00EAEF52 /* SkyFloatingLabelTextField.swift */,
				2A325CE6200E569D00EAEF52 /* SkyFloatingLabelTextFieldWithIcon.swift */,
				2A325CDA200D645200EAEF52 /* SelectorSegmentedView.swift */,
				2AC638A52001710700144AD6 /* CameraController.swift */,
				2A14CCD020485308001307CC /* Popup.swift */,
				2A14CCD22049C8AE001307CC /* Reachability.swift */,
				2A14CCD42049CBB7001307CC /* NetworkManager.swift */,
			);
			path = Custom;
			sourceTree = "<group>";
		};
		2A325CDF200D998C00EAEF52 /* Controllers */ = {
			isa = PBXGroup;
			children = (
				2AC6389E200167B900144AD6 /* Login */,
				2AB823B82018ECB1009620E5 /* User */,
				2A9EB0322016B89D005FA408 /* Organization */,
			);
			path = Controllers;
			sourceTree = "<group>";
		};
		2A9EB0322016B89D005FA408 /* Organization */ = {
			isa = PBXGroup;
			children = (
				2A3EFB932016D7CD004EBC20 /* OrganizationEventContainerController.swift */,
				2A3EFB912016D7A8004EBC20 /* OrganizationEventController.swift */,
				2AEEDD102044D5B000A087F1 /* OrganizationEventActionsController.swift */,
				2AC638A32001687D00144AD6 /* QRScannerController.swift */,
				2AD8E627201B7B8D00384A36 /* CheckInConfirmationController.swift */,
				2AEEDD122044FF0300A087F1 /* EventMessageController.swift */,
				2A9EB0332016B8BC005FA408 /* AddEventController.swift */,
				2A9EB03B2016B90A005FA408 /* CompletedOrganizationController.swift */,
				2A3EFB9B20183425004EBC20 /* OrganizationProfileController.swift */,
			);
			path = Organization;
			sourceTree = "<group>";
		};
		2AB823B82018ECB1009620E5 /* User */ = {
			isa = PBXGroup;
			children = (
				2AC6389F200167BD00144AD6 /* Search */,
				2A325CE0200D99D900EAEF52 /* UpcomingController.swift */,
				2AF8ADF42010465A00A75683 /* CompletedController.swift */,
				2A325CE4200DA3E900EAEF52 /* ProfileContainerController.swift */,
				2AC638922001588600144AD6 /* ProfileController.swift */,
			);
			path = User;
			sourceTree = "<group>";
		};
		2AC6388D2001520B00144AD6 /* Frameworks */ = {
			isa = PBXGroup;
			children = (
				2AC6388E2001520B00144AD6 /* MapKit.framework */,
				9A11E80A36312556DAD58F76 /* Pods_VolunteerNow.framework */,
			);
			name = Frameworks;
			sourceTree = "<group>";
		};
		2AC6389E200167B900144AD6 /* Login */ = {
			isa = PBXGroup;
			children = (
				2A325C7D200D164300EAEF52 /* SignInController.swift */,
				2A325CEC200EA9FE00EAEF52 /* ForgotPasswordController.swift */,
				2AC6389C200165E900144AD6 /* SignupInformationController.swift */,
				2A3EFB992017AFED004EBC20 /* OrganizationSignInController.swift */,
			);
			path = Login;
			sourceTree = "<group>";
		};
		2AC6389F200167BD00144AD6 /* Search */ = {
			isa = PBXGroup;
			children = (
				2AEDBD2D20014B3800756696 /* ContainerSearchController.swift */,
				2A325CDC200D8AC800EAEF52 /* SearchListController.swift */,
				2AEDBD3120014B6A00756696 /* SearchMapController.swift */,
				2A099ED2200460F9007B519F /* EventCell.swift */,
				2A325CF5200ED20800EAEF52 /* EventDetailController.swift */,
				2A099ED02004575A007B519F /* BarFilterController.swift */,
				2A325CEE200EBC5700EAEF52 /* BarSearchContainerController.swift */,
				2A325CF0200EBC6C00EAEF52 /* BarSearchController.swift */,
				2A3EFB952016D97A004EBC20 /* VolunteerController.swift */,
			);
			path = Search;
			sourceTree = "<group>";
		};
		2AC638A0200167C400144AD6 /* Model */ = {
			isa = PBXGroup;
			children = (
				2A3EC1AA20111319009E3345 /* App.swift */,
				2AC638902001560800144AD6 /* Event.swift */,
				2A099ED420046333007B519F /* APIManager.swift */,
				2AEDBD1F200146EB00756696 /* VolunteerNow.xcdatamodeld */,
			);
			path = Model;
			sourceTree = "<group>";
		};
		2AC638A1200167E900144AD6 /* Resources */ = {
			isa = PBXGroup;
			children = (
				2AFC34D920110D4D008568CA /* GoogleService-Info.plist */,
				2AC6388C2001520200144AD6 /* VolunteerNow.entitlements */,
				2AEDBD27200146EB00756696 /* Info.plist */,
				2A668B87201CD50F00FCA868 /* WheelerLocation.gpx */,
			);
			path = Resources;
			sourceTree = "<group>";
		};
		2AC638A22001680100144AD6 /* UI */ = {
			isa = PBXGroup;
			children = (
				2AEDBD1C200146EB00756696 /* Main.storyboard */,
				2AEDBD24200146EB00756696 /* LaunchScreen.storyboard */,
				2AEDBD22200146EB00756696 /* Assets.xcassets */,
			);
			path = UI;
			sourceTree = "<group>";
		};
		2AEDBD0C200146EB00756696 = {
			isa = PBXGroup;
			children = (
				2AEDBD17200146EB00756696 /* VolunteerNow */,
				2AEDBD16200146EB00756696 /* Products */,
				2AC6388D2001520B00144AD6 /* Frameworks */,
				DEC9F269B8E042CF9D228BD3 /* Pods */,
			);
			sourceTree = "<group>";
		};
		2AEDBD16200146EB00756696 /* Products */ = {
			isa = PBXGroup;
			children = (
				2AEDBD15200146EB00756696 /* VolunteerNow.app */,
			);
			name = Products;
			sourceTree = "<group>";
		};
		2AEDBD17200146EB00756696 /* VolunteerNow */ = {
			isa = PBXGroup;
			children = (
				2AEDBD18200146EB00756696 /* AppDelegate.swift */,
				2A325C7B200CFE4000EAEF52 /* Extensions.swift */,
				2A325CDF200D998C00EAEF52 /* Controllers */,
				2AC638A0200167C400144AD6 /* Model */,
				2A325CDE200D997500EAEF52 /* Custom */,
				2AC638A22001680100144AD6 /* UI */,
				2AC638A1200167E900144AD6 /* Resources */,
				2A325C7F200D199100EAEF52 /* Fonts */,
			);
			path = VolunteerNow;
			sourceTree = "<group>";
		};
		DEC9F269B8E042CF9D228BD3 /* Pods */ = {
			isa = PBXGroup;
			children = (
				E90FD5BD541A839F16584DA4 /* Pods-VolunteerNow.debug.xcconfig */,
				5C80AB10AF48A9EFE8313932 /* Pods-VolunteerNow.release.xcconfig */,
			);
			name = Pods;
			sourceTree = "<group>";
		};
/* End PBXGroup section */

/* Begin PBXNativeTarget section */
		2AEDBD14200146EB00756696 /* VolunteerNow */ = {
			isa = PBXNativeTarget;
			buildConfigurationList = 2AEDBD2A200146EB00756696 /* Build configuration list for PBXNativeTarget "VolunteerNow" */;
			buildPhases = (
				448A1B750983D1737FB3E6BD /* [CP] Check Pods Manifest.lock */,
				2AEDBD11200146EB00756696 /* Sources */,
				2AEDBD12200146EB00756696 /* Frameworks */,
				2AEDBD13200146EB00756696 /* Resources */,
				A560417ADAF08F977CE53CAB /* [CP] Embed Pods Frameworks */,
				391E39FFA93800F3C094600C /* [CP] Copy Pods Resources */,
			);
			buildRules = (
			);
			dependencies = (
			);
			name = VolunteerNow;
			productName = VolunteerNow;
			productReference = 2AEDBD15200146EB00756696 /* VolunteerNow.app */;
			productType = "com.apple.product-type.application";
		};
/* End PBXNativeTarget section */

/* Begin PBXProject section */
		2AEDBD0D200146EB00756696 /* Project object */ = {
			isa = PBXProject;
			attributes = {
				LastSwiftUpdateCheck = 0920;
				LastUpgradeCheck = 0920;
				ORGANIZATIONNAME = "Summit Labs";
				TargetAttributes = {
					2AEDBD14200146EB00756696 = {
						CreatedOnToolsVersion = 9.2;
						ProvisioningStyle = Automatic;
						SystemCapabilities = {
							com.apple.Maps.iOS = {
								enabled = 1;
							};
							com.apple.Push = {
								enabled = 1;
							};
						};
					};
				};
			};
			buildConfigurationList = 2AEDBD10200146EB00756696 /* Build configuration list for PBXProject "VolunteerNow" */;
			compatibilityVersion = "Xcode 8.0";
			developmentRegion = en;
			hasScannedForEncodings = 0;
			knownRegions = (
				en,
				Base,
			);
			mainGroup = 2AEDBD0C200146EB00756696;
			productRefGroup = 2AEDBD16200146EB00756696 /* Products */;
			projectDirPath = "";
			projectRoot = "";
			targets = (
				2AEDBD14200146EB00756696 /* VolunteerNow */,
			);
		};
/* End PBXProject section */

/* Begin PBXResourcesBuildPhase section */
		2AEDBD13200146EB00756696 /* Resources */ = {
			isa = PBXResourcesBuildPhase;
			buildActionMask = 2147483647;
			files = (
				2A325CCC200D206500EAEF52 /* Sofia Pro Ultra Light.otf in Resources */,
				2A325CD0200D206500EAEF52 /* Sofia Pro Semi Bold.otf in Resources */,
				2AFC34DA20110D4D008568CA /* GoogleService-Info.plist in Resources */,
				2A325CB7200D1C1600EAEF52 /* BrandonText-Thin.otf in Resources */,
				2A325CD6200D206500EAEF52 /* Sofia Pro Bold Italic.otf in Resources */,
				2A325CCE200D206500EAEF52 /* Sofia Pro Regular.otf in Resources */,
				2A325CB6200D1C1600EAEF52 /* BrandonText-RegularItalic.otf in Resources */,
				2A325CD5200D206500EAEF52 /* Sofia Pro Black Italic.otf in Resources */,
				2A325CD1200D206500EAEF52 /* Sofia Pro Semi Bold Italic.otf in Resources */,
				2A325CCF200D206500EAEF52 /* Sofia Pro Extra Light Italic.otf in Resources */,
				2A325CB9200D1C1600EAEF52 /* BrandonText-Regular.otf in Resources */,
				2A325CB8200D1C1600EAEF52 /* BrandonText-Light.otf in Resources */,
				2A325CD3200D206500EAEF52 /* Sofia Pro Light Italic.otf in Resources */,
				2A325CD7200D206500EAEF52 /* Sofia Pro Black.otf in Resources */,
				2AEDBD26200146EB00756696 /* LaunchScreen.storyboard in Resources */,
				2A325CB5200D1C1600EAEF52 /* BrandonText-Bold.otf in Resources */,
				2AEDBD23200146EB00756696 /* Assets.xcassets in Resources */,
				2A325CCA200D206500EAEF52 /* Sofia Pro Extra Light.otf in Resources */,
				2A325CCB200D206500EAEF52 /* Sofia Pro Medium Italic.otf in Resources */,
				2AEDBD1E200146EB00756696 /* Main.storyboard in Resources */,
				2A325CCD200D206500EAEF52 /* Sofia Pro Italic.otf in Resources */,
				2A325CD4200D206500EAEF52 /* Sofia Pro Light.otf in Resources */,
				2A325CD8200D206500EAEF52 /* Sofia Pro Bold.otf in Resources */,
				2A325CD9200D206500EAEF52 /* Sofia Pro Medium.otf in Resources */,
				2A325CD2200D206500EAEF52 /* Sofia Pro Ultra Light Italic.otf in Resources */,
			);
			runOnlyForDeploymentPostprocessing = 0;
		};
/* End PBXResourcesBuildPhase section */

/* Begin PBXShellScriptBuildPhase section */
		391E39FFA93800F3C094600C /* [CP] Copy Pods Resources */ = {
			isa = PBXShellScriptBuildPhase;
			buildActionMask = 2147483647;
			files = (
			);
			inputPaths = (
				"${SRCROOT}/Pods/Target Support Files/Pods-VolunteerNow/Pods-VolunteerNow-resources.sh",
				"${PODS_ROOT}/GoogleSignIn/Resources/GoogleSignIn.bundle",
			);
			name = "[CP] Copy Pods Resources";
			outputPaths = (
				"${TARGET_BUILD_DIR}/${UNLOCALIZED_RESOURCES_FOLDER_PATH}",
			);
			runOnlyForDeploymentPostprocessing = 0;
			shellPath = /bin/sh;
			shellScript = "\"${SRCROOT}/Pods/Target Support Files/Pods-VolunteerNow/Pods-VolunteerNow-resources.sh\"\n";
			showEnvVarsInLog = 0;
		};
		448A1B750983D1737FB3E6BD /* [CP] Check Pods Manifest.lock */ = {
			isa = PBXShellScriptBuildPhase;
			buildActionMask = 2147483647;
			files = (
			);
			inputPaths = (
				"${PODS_PODFILE_DIR_PATH}/Podfile.lock",
				"${PODS_ROOT}/Manifest.lock",
			);
			name = "[CP] Check Pods Manifest.lock";
			outputPaths = (
				"$(DERIVED_FILE_DIR)/Pods-VolunteerNow-checkManifestLockResult.txt",
			);
			runOnlyForDeploymentPostprocessing = 0;
			shellPath = /bin/sh;
			shellScript = "diff \"${PODS_PODFILE_DIR_PATH}/Podfile.lock\" \"${PODS_ROOT}/Manifest.lock\" > /dev/null\nif [ $? != 0 ] ; then\n    # print error to STDERR\n    echo \"error: The sandbox is not in sync with the Podfile.lock. Run 'pod install' or update your CocoaPods installation.\" >&2\n    exit 1\nfi\n# This output is used by Xcode 'outputs' to avoid re-running this script phase.\necho \"SUCCESS\" > \"${SCRIPT_OUTPUT_FILE_0}\"\n";
			showEnvVarsInLog = 0;
		};
		A560417ADAF08F977CE53CAB /* [CP] Embed Pods Frameworks */ = {
			isa = PBXShellScriptBuildPhase;
			buildActionMask = 2147483647;
			files = (
			);
			inputPaths = (
				"${SRCROOT}/Pods/Target Support Files/Pods-VolunteerNow/Pods-VolunteerNow-frameworks.sh",
				"${BUILT_PRODUCTS_DIR}/CZPicker/CZPicker.framework",
				"${BUILT_PRODUCTS_DIR}/Eureka/Eureka.framework",
				"${BUILT_PRODUCTS_DIR}/GTMOAuth2/GTMOAuth2.framework",
				"${BUILT_PRODUCTS_DIR}/GTMSessionFetcher/GTMSessionFetcher.framework",
				"${BUILT_PRODUCTS_DIR}/GeoFire/GeoFire.framework",
				"${BUILT_PRODUCTS_DIR}/GoogleToolboxForMac/GoogleToolboxForMac.framework",
				"${BUILT_PRODUCTS_DIR}/PostalAddressRow/PostalAddressRow.framework",
				"${BUILT_PRODUCTS_DIR}/Presentr/Presentr.framework",
				"${BUILT_PRODUCTS_DIR}/Protobuf/Protobuf.framework",
				"${BUILT_PRODUCTS_DIR}/TGPControls/TGPControls.framework",
				"${BUILT_PRODUCTS_DIR}/leveldb-library/leveldb.framework",
				"${BUILT_PRODUCTS_DIR}/nanopb/nanopb.framework",
			);
			name = "[CP] Embed Pods Frameworks";
			outputPaths = (
				"${TARGET_BUILD_DIR}/${FRAMEWORKS_FOLDER_PATH}/CZPicker.framework",
				"${TARGET_BUILD_DIR}/${FRAMEWORKS_FOLDER_PATH}/Eureka.framework",
				"${TARGET_BUILD_DIR}/${FRAMEWORKS_FOLDER_PATH}/GTMOAuth2.framework",
				"${TARGET_BUILD_DIR}/${FRAMEWORKS_FOLDER_PATH}/GTMSessionFetcher.framework",
				"${TARGET_BUILD_DIR}/${FRAMEWORKS_FOLDER_PATH}/GeoFire.framework",
				"${TARGET_BUILD_DIR}/${FRAMEWORKS_FOLDER_PATH}/GoogleToolboxForMac.framework",
				"${TARGET_BUILD_DIR}/${FRAMEWORKS_FOLDER_PATH}/PostalAddressRow.framework",
				"${TARGET_BUILD_DIR}/${FRAMEWORKS_FOLDER_PATH}/Presentr.framework",
				"${TARGET_BUILD_DIR}/${FRAMEWORKS_FOLDER_PATH}/Protobuf.framework",
				"${TARGET_BUILD_DIR}/${FRAMEWORKS_FOLDER_PATH}/TGPControls.framework",
				"${TARGET_BUILD_DIR}/${FRAMEWORKS_FOLDER_PATH}/leveldb.framework",
				"${TARGET_BUILD_DIR}/${FRAMEWORKS_FOLDER_PATH}/nanopb.framework",
			);
			runOnlyForDeploymentPostprocessing = 0;
			shellPath = /bin/sh;
			shellScript = "\"${SRCROOT}/Pods/Target Support Files/Pods-VolunteerNow/Pods-VolunteerNow-frameworks.sh\"\n";
			showEnvVarsInLog = 0;
		};
/* End PBXShellScriptBuildPhase section */

/* Begin PBXSourcesBuildPhase section */
		2AEDBD11200146EB00756696 /* Sources */ = {
			isa = PBXSourcesBuildPhase;
			buildActionMask = 2147483647;
			files = (
				2AEEDD112044D5B000A087F1 /* OrganizationEventActionsController.swift in Sources */,
				2A325CE5200DA3E900EAEF52 /* ProfileContainerController.swift in Sources */,
				2A9EB0342016B8BC005FA408 /* AddEventController.swift in Sources */,
				2AC638912001560800144AD6 /* Event.swift in Sources */,
				2A3EFB922016D7A8004EBC20 /* OrganizationEventController.swift in Sources */,
				2AC638A62001710700144AD6 /* CameraController.swift in Sources */,
				2A325CEF200EBC5700EAEF52 /* BarSearchContainerController.swift in Sources */,
				2AEDBD19200146EB00756696 /* AppDelegate.swift in Sources */,
				2A3EC1AB20111319009E3345 /* App.swift in Sources */,
				2A325CDB200D645200EAEF52 /* SelectorSegmentedView.swift in Sources */,
				2AC6389D200165E900144AD6 /* SignupInformationController.swift in Sources */,
				2A325CED200EA9FE00EAEF52 /* ForgotPasswordController.swift in Sources */,
				2AD8E628201B7B8D00384A36 /* CheckInConfirmationController.swift in Sources */,
				2A099ED3200460F9007B519F /* EventCell.swift in Sources */,
				2A325C7E200D164300EAEF52 /* SignInController.swift in Sources */,
				2AC638932001588600144AD6 /* ProfileController.swift in Sources */,
				2A14CCD52049CBB7001307CC /* NetworkManager.swift in Sources */,
				2A325CF1200EBC6C00EAEF52 /* BarSearchController.swift in Sources */,
				2A099ED12004575A007B519F /* BarFilterController.swift in Sources */,
				2AF8ADF52010465A00A75683 /* CompletedController.swift in Sources */,
				2A325CEA200E569D00EAEF52 /* SkyFloatingLabelTextField.swift in Sources */,
				2AEEDD132044FF0300A087F1 /* EventMessageController.swift in Sources */,
				2A3EFB962016D97A004EBC20 /* VolunteerController.swift in Sources */,
				2A325CDD200D8AC800EAEF52 /* SearchListController.swift in Sources */,
				2A325CE1200D99D900EAEF52 /* UpcomingController.swift in Sources */,
				2A9EB03C2016B90A005FA408 /* CompletedOrganizationController.swift in Sources */,
				2A14CCD120485308001307CC /* Popup.swift in Sources */,
				2A3EFB9A2017AFED004EBC20 /* OrganizationSignInController.swift in Sources */,
				2AEDBD21200146EB00756696 /* VolunteerNow.xcdatamodeld in Sources */,
				2A325C7C200CFE4000EAEF52 /* Extensions.swift in Sources */,
				2A325CE9200E569D00EAEF52 /* SkyFloatingLabelTextFieldWithIcon.swift in Sources */,
				2A325CF6200ED20800EAEF52 /* EventDetailController.swift in Sources */,
				2AEDBD3220014B6A00756696 /* SearchMapController.swift in Sources */,
				2A3EFB942016D7CE004EBC20 /* OrganizationEventContainerController.swift in Sources */,
				2A3EFB9C20183425004EBC20 /* OrganizationProfileController.swift in Sources */,
				2A099ED520046333007B519F /* APIManager.swift in Sources */,
				2AC638A42001687D00144AD6 /* QRScannerController.swift in Sources */,
				2A14CCD32049C8AE001307CC /* Reachability.swift in Sources */,
				2AEDBD2E20014B3800756696 /* ContainerSearchController.swift in Sources */,
			);
			runOnlyForDeploymentPostprocessing = 0;
		};
/* End PBXSourcesBuildPhase section */

/* Begin PBXVariantGroup section */
		2AEDBD1C200146EB00756696 /* Main.storyboard */ = {
			isa = PBXVariantGroup;
			children = (
				2AEDBD1D200146EB00756696 /* Base */,
			);
			name = Main.storyboard;
			sourceTree = "<group>";
		};
		2AEDBD24200146EB00756696 /* LaunchScreen.storyboard */ = {
			isa = PBXVariantGroup;
			children = (
				2AEDBD25200146EB00756696 /* Base */,
			);
			name = LaunchScreen.storyboard;
			sourceTree = "<group>";
		};
/* End PBXVariantGroup section */

/* Begin XCBuildConfiguration section */
		2AEDBD28200146EB00756696 /* Debug */ = {
			isa = XCBuildConfiguration;
			buildSettings = {
				ALWAYS_SEARCH_USER_PATHS = NO;
				CLANG_ANALYZER_NONNULL = YES;
				CLANG_ANALYZER_NUMBER_OBJECT_CONVERSION = YES_AGGRESSIVE;
				CLANG_CXX_LANGUAGE_STANDARD = "gnu++14";
				CLANG_CXX_LIBRARY = "libc++";
				CLANG_ENABLE_MODULES = YES;
				CLANG_ENABLE_OBJC_ARC = YES;
				CLANG_WARN_BLOCK_CAPTURE_AUTORELEASING = YES;
				CLANG_WARN_BOOL_CONVERSION = YES;
				CLANG_WARN_COMMA = YES;
				CLANG_WARN_CONSTANT_CONVERSION = YES;
				CLANG_WARN_DIRECT_OBJC_ISA_USAGE = YES_ERROR;
				CLANG_WARN_DOCUMENTATION_COMMENTS = YES;
				CLANG_WARN_EMPTY_BODY = YES;
				CLANG_WARN_ENUM_CONVERSION = YES;
				CLANG_WARN_INFINITE_RECURSION = YES;
				CLANG_WARN_INT_CONVERSION = YES;
				CLANG_WARN_NON_LITERAL_NULL_CONVERSION = YES;
				CLANG_WARN_OBJC_LITERAL_CONVERSION = YES;
				CLANG_WARN_OBJC_ROOT_CLASS = YES_ERROR;
				CLANG_WARN_RANGE_LOOP_ANALYSIS = YES;
				CLANG_WARN_STRICT_PROTOTYPES = YES;
				CLANG_WARN_SUSPICIOUS_MOVE = YES;
				CLANG_WARN_UNGUARDED_AVAILABILITY = YES_AGGRESSIVE;
				CLANG_WARN_UNREACHABLE_CODE = YES;
				CLANG_WARN__DUPLICATE_METHOD_MATCH = YES;
				CODE_SIGN_IDENTITY = "iPhone Developer";
				COPY_PHASE_STRIP = NO;
				DEBUG_INFORMATION_FORMAT = dwarf;
				ENABLE_STRICT_OBJC_MSGSEND = YES;
				ENABLE_TESTABILITY = YES;
				GCC_C_LANGUAGE_STANDARD = gnu11;
				GCC_DYNAMIC_NO_PIC = NO;
				GCC_NO_COMMON_BLOCKS = YES;
				GCC_OPTIMIZATION_LEVEL = 0;
				GCC_PREPROCESSOR_DEFINITIONS = (
					"DEBUG=1",
					"$(inherited)",
				);
				GCC_WARN_64_TO_32_BIT_CONVERSION = YES;
				GCC_WARN_ABOUT_RETURN_TYPE = YES_ERROR;
				GCC_WARN_UNDECLARED_SELECTOR = YES;
				GCC_WARN_UNINITIALIZED_AUTOS = YES_AGGRESSIVE;
				GCC_WARN_UNUSED_FUNCTION = YES;
				GCC_WARN_UNUSED_VARIABLE = YES;
				IPHONEOS_DEPLOYMENT_TARGET = 11.2;
				MTL_ENABLE_DEBUG_INFO = YES;
				ONLY_ACTIVE_ARCH = YES;
				SDKROOT = iphoneos;
				SWIFT_ACTIVE_COMPILATION_CONDITIONS = DEBUG;
				SWIFT_OPTIMIZATION_LEVEL = "-Onone";
			};
			name = Debug;
		};
		2AEDBD29200146EB00756696 /* Release */ = {
			isa = XCBuildConfiguration;
			buildSettings = {
				ALWAYS_SEARCH_USER_PATHS = NO;
				CLANG_ANALYZER_NONNULL = YES;
				CLANG_ANALYZER_NUMBER_OBJECT_CONVERSION = YES_AGGRESSIVE;
				CLANG_CXX_LANGUAGE_STANDARD = "gnu++14";
				CLANG_CXX_LIBRARY = "libc++";
				CLANG_ENABLE_MODULES = YES;
				CLANG_ENABLE_OBJC_ARC = YES;
				CLANG_WARN_BLOCK_CAPTURE_AUTORELEASING = YES;
				CLANG_WARN_BOOL_CONVERSION = YES;
				CLANG_WARN_COMMA = YES;
				CLANG_WARN_CONSTANT_CONVERSION = YES;
				CLANG_WARN_DIRECT_OBJC_ISA_USAGE = YES_ERROR;
				CLANG_WARN_DOCUMENTATION_COMMENTS = YES;
				CLANG_WARN_EMPTY_BODY = YES;
				CLANG_WARN_ENUM_CONVERSION = YES;
				CLANG_WARN_INFINITE_RECURSION = YES;
				CLANG_WARN_INT_CONVERSION = YES;
				CLANG_WARN_NON_LITERAL_NULL_CONVERSION = YES;
				CLANG_WARN_OBJC_LITERAL_CONVERSION = YES;
				CLANG_WARN_OBJC_ROOT_CLASS = YES_ERROR;
				CLANG_WARN_RANGE_LOOP_ANALYSIS = YES;
				CLANG_WARN_STRICT_PROTOTYPES = YES;
				CLANG_WARN_SUSPICIOUS_MOVE = YES;
				CLANG_WARN_UNGUARDED_AVAILABILITY = YES_AGGRESSIVE;
				CLANG_WARN_UNREACHABLE_CODE = YES;
				CLANG_WARN__DUPLICATE_METHOD_MATCH = YES;
				CODE_SIGN_IDENTITY = "iPhone Developer";
				COPY_PHASE_STRIP = NO;
				DEBUG_INFORMATION_FORMAT = "dwarf-with-dsym";
				ENABLE_NS_ASSERTIONS = NO;
				ENABLE_STRICT_OBJC_MSGSEND = YES;
				GCC_C_LANGUAGE_STANDARD = gnu11;
				GCC_NO_COMMON_BLOCKS = YES;
				GCC_WARN_64_TO_32_BIT_CONVERSION = YES;
				GCC_WARN_ABOUT_RETURN_TYPE = YES_ERROR;
				GCC_WARN_UNDECLARED_SELECTOR = YES;
				GCC_WARN_UNINITIALIZED_AUTOS = YES_AGGRESSIVE;
				GCC_WARN_UNUSED_FUNCTION = YES;
				GCC_WARN_UNUSED_VARIABLE = YES;
				IPHONEOS_DEPLOYMENT_TARGET = 11.2;
				MTL_ENABLE_DEBUG_INFO = NO;
				SDKROOT = iphoneos;
				SWIFT_OPTIMIZATION_LEVEL = "-Owholemodule";
				VALIDATE_PRODUCT = YES;
			};
			name = Release;
		};
		2AEDBD2B200146EB00756696 /* Debug */ = {
			isa = XCBuildConfiguration;
			baseConfigurationReference = E90FD5BD541A839F16584DA4 /* Pods-VolunteerNow.debug.xcconfig */;
			buildSettings = {
				ASSETCATALOG_COMPILER_APPICON_NAME = AppIcon;
				CODE_SIGN_ENTITLEMENTS = VolunteerNow/Resources/VolunteerNow.entitlements;
				CODE_SIGN_STYLE = Automatic;
				DEVELOPMENT_TEAM = 3NE2WWC249;
				INFOPLIST_FILE = VolunteerNow/Resources/Info.plist;
				IPHONEOS_DEPLOYMENT_TARGET = 10.0;
				LD_RUNPATH_SEARCH_PATHS = "$(inherited) @executable_path/Frameworks";
				PRODUCT_BUNDLE_IDENTIFIER = com.summitLabs.VolunteerNow;
				PRODUCT_NAME = "$(TARGET_NAME)";
				"SWIFT_OBJC_BRIDGING_HEADER[arch=*]" = "";
				SWIFT_SWIFT3_OBJC_INFERENCE = Default;
				SWIFT_VERSION = 4.0;
				TARGETED_DEVICE_FAMILY = "1,2";
			};
			name = Debug;
		};
		2AEDBD2C200146EB00756696 /* Release */ = {
			isa = XCBuildConfiguration;
			baseConfigurationReference = 5C80AB10AF48A9EFE8313932 /* Pods-VolunteerNow.release.xcconfig */;
			buildSettings = {
				ASSETCATALOG_COMPILER_APPICON_NAME = AppIcon;
				CODE_SIGN_ENTITLEMENTS = VolunteerNow/Resources/VolunteerNow.entitlements;
				CODE_SIGN_STYLE = Automatic;
				DEVELOPMENT_TEAM = 3NE2WWC249;
				INFOPLIST_FILE = VolunteerNow/Resources/Info.plist;
				IPHONEOS_DEPLOYMENT_TARGET = 10.0;
				LD_RUNPATH_SEARCH_PATHS = "$(inherited) @executable_path/Frameworks";
				PRODUCT_BUNDLE_IDENTIFIER = com.summitLabs.VolunteerNow;
				PRODUCT_NAME = "$(TARGET_NAME)";
				SWIFT_OBJC_BRIDGING_HEADER = "";
				SWIFT_SWIFT3_OBJC_INFERENCE = Default;
				SWIFT_VERSION = 4.0;
				TARGETED_DEVICE_FAMILY = "1,2";
			};
			name = Release;
		};
/* End XCBuildConfiguration section */

/* Begin XCConfigurationList section */
		2AEDBD10200146EB00756696 /* Build configuration list for PBXProject "VolunteerNow" */ = {
			isa = XCConfigurationList;
			buildConfigurations = (
				2AEDBD28200146EB00756696 /* Debug */,
				2AEDBD29200146EB00756696 /* Release */,
			);
			defaultConfigurationIsVisible = 0;
			defaultConfigurationName = Release;
		};
		2AEDBD2A200146EB00756696 /* Build configuration list for PBXNativeTarget "VolunteerNow" */ = {
			isa = XCConfigurationList;
			buildConfigurations = (
				2AEDBD2B200146EB00756696 /* Debug */,
				2AEDBD2C200146EB00756696 /* Release */,
			);
			defaultConfigurationIsVisible = 0;
			defaultConfigurationName = Release;
		};
/* End XCConfigurationList section */

/* Begin XCVersionGroup section */
		2AEDBD1F200146EB00756696 /* VolunteerNow.xcdatamodeld */ = {
			isa = XCVersionGroup;
			children = (
				2AEDBD20200146EB00756696 /* VolunteerNow.xcdatamodel */,
			);
			currentVersion = 2AEDBD20200146EB00756696 /* VolunteerNow.xcdatamodel */;
			path = VolunteerNow.xcdatamodeld;
			sourceTree = "<group>";
			versionGroupType = wrapper.xcdatamodel;
		};
/* End XCVersionGroup section */
	};
	rootObject = 2AEDBD0D200146EB00756696 /* Project object */;
}
