// !$*UTF8*$!
{
	archiveVersion = 1;
	classes = {
	};
	objectVersion = 48;
	objects = {

/* Begin PBXBuildFile section */
		2AEDBD19200146EB00756696 /* AppDelegate.swift in Sources */ = {isa = PBXBuildFile; fileRef = 2AEDBD18200146EB00756696 /* AppDelegate.swift */; };
		2AEDBD1B200146EB00756696 /* ViewController.swift in Sources */ = {isa = PBXBuildFile; fileRef = 2AEDBD1A200146EB00756696 /* ViewController.swift */; };
		2AEDBD1E200146EB00756696 /* Main.storyboard in Resources */ = {isa = PBXBuildFile; fileRef = 2AEDBD1C200146EB00756696 /* Main.storyboard */; };
		2AEDBD21200146EB00756696 /* VolunteerNow.xcdatamodeld in Sources */ = {isa = PBXBuildFile; fileRef = 2AEDBD1F200146EB00756696 /* VolunteerNow.xcdatamodeld */; };
		2AEDBD23200146EB00756696 /* Assets.xcassets in Resources */ = {isa = PBXBuildFile; fileRef = 2AEDBD22200146EB00756696 /* Assets.xcassets */; };
		2AEDBD26200146EB00756696 /* LaunchScreen.storyboard in Resources */ = {isa = PBXBuildFile; fileRef = 2AEDBD24200146EB00756696 /* LaunchScreen.storyboard */; };
/* End PBXBuildFile section */

/* Begin PBXFileReference section */
		2AEDBD15200146EB00756696 /* VolunteerNow.app */ = {isa = PBXFileReference; explicitFileType = wrapper.application; includeInIndex = 0; path = VolunteerNow.app; sourceTree = BUILT_PRODUCTS_DIR; };
		2AEDBD18200146EB00756696 /* AppDelegate.swift */ = {isa = PBXFileReference; lastKnownFileType = sourcecode.swift; path = AppDelegate.swift; sourceTree = "<group>"; };
		2AEDBD1A200146EB00756696 /* ViewController.swift */ = {isa = PBXFileReference; lastKnownFileType = sourcecode.swift; path = ViewController.swift; sourceTree = "<group>"; };
		2AEDBD1D200146EB00756696 /* Base */ = {isa = PBXFileReference; lastKnownFileType = file.storyboard; name = Base; path = Base.lproj/Main.storyboard; sourceTree = "<group>"; };
		2AEDBD20200146EB00756696 /* VolunteerNow.xcdatamodel */ = {isa = PBXFileReference; lastKnownFileType = wrapper.xcdatamodel; path = VolunteerNow.xcdatamodel; sourceTree = "<group>"; };
		2AEDBD22200146EB00756696 /* Assets.xcassets */ = {isa = PBXFileReference; lastKnownFileType = folder.assetcatalog; path = Assets.xcassets; sourceTree = "<group>"; };
		2AEDBD25200146EB00756696 /* Base */ = {isa = PBXFileReference; lastKnownFileType = file.storyboard; name = Base; path = Base.lproj/LaunchScreen.storyboard; sourceTree = "<group>"; };
		2AEDBD27200146EB00756696 /* Info.plist */ = {isa = PBXFileReference; lastKnownFileType = text.plist.xml; path = Info.plist; sourceTree = "<group>"; };
/* End PBXFileReference section */

/* Begin PBXFrameworksBuildPhase section */
		2AEDBD12200146EB00756696 /* Frameworks */ = {
			isa = PBXFrameworksBuildPhase;
			buildActionMask = 2147483647;
			files = (
			);
			runOnlyForDeploymentPostprocessing = 0;
		};
/* End PBXFrameworksBuildPhase section */

/* Begin PBXGroup section */
		2AEDBD0C200146EB00756696 = {
			isa = PBXGroup;
			children = (
				2AEDBD17200146EB00756696 /* VolunteerNow */,
				2AEDBD16200146EB00756696 /* Products */,
			);
			sourceTree = "<group>";
		};
		2AEDBD16200146EB00756696 /* Products */ = {
			isa = PBXGroup;
			children = (
				2AEDBD15200146EB00756696 /* VolunteerNow.app */,
			);
			name = Products;
			sourceTree = "<group>";
		};
		2AEDBD17200146EB00756696 /* VolunteerNow */ = {
			isa = PBXGroup;
			children = (
				2AEDBD18200146EB00756696 /* AppDelegate.swift */,
				2AEDBD1A200146EB00756696 /* ViewController.swift */,
				2AEDBD1C200146EB00756696 /* Main.storyboard */,
				2AEDBD22200146EB00756696 /* Assets.xcassets */,
				2AEDBD24200146EB00756696 /* LaunchScreen.storyboard */,
				2AEDBD27200146EB00756696 /* Info.plist */,
				2AEDBD1F200146EB00756696 /* VolunteerNow.xcdatamodeld */,
			);
			path = VolunteerNow;
			sourceTree = "<group>";
		};
/* End PBXGroup section */

/* Begin PBXNativeTarget section */
		2AEDBD14200146EB00756696 /* VolunteerNow */ = {
			isa = PBXNativeTarget;
			buildConfigurationList = 2AEDBD2A200146EB00756696 /* Build configuration list for PBXNativeTarget "VolunteerNow" */;
			buildPhases = (
				2AEDBD11200146EB00756696 /* Sources */,
				2AEDBD12200146EB00756696 /* Frameworks */,
				2AEDBD13200146EB00756696 /* Resources */,
			);
			buildRules = (
			);
			dependencies = (
			);
			name = VolunteerNow;
			productName = VolunteerNow;
			productReference = 2AEDBD15200146EB00756696 /* VolunteerNow.app */;
			productType = "com.apple.product-type.application";
		};
/* End PBXNativeTarget section */

/* Begin PBXProject section */
		2AEDBD0D200146EB00756696 /* Project object */ = {
			isa = PBXProject;
			attributes = {
				LastSwiftUpdateCheck = 0920;
				LastUpgradeCheck = 0920;
				ORGANIZATIONNAME = "Summit Labs";
				TargetAttributes = {
					2AEDBD14200146EB00756696 = {
						CreatedOnToolsVersion = 9.2;
						ProvisioningStyle = Automatic;
					};
				};
			};
			buildConfigurationList = 2AEDBD10200146EB00756696 /* Build configuration list for PBXProject "VolunteerNow" */;
			compatibilityVersion = "Xcode 8.0";
			developmentRegion = en;
			hasScannedForEncodings = 0;
			knownRegions = (
				en,
				Base,
			);
			mainGroup = 2AEDBD0C200146EB00756696;
			productRefGroup = 2AEDBD16200146EB00756696 /* Products */;
			projectDirPath = "";
			projectRoot = "";
			targets = (
				2AEDBD14200146EB00756696 /* VolunteerNow */,
			);
		};
/* End PBXProject section */

/* Begin PBXResourcesBuildPhase section */
		2AEDBD13200146EB00756696 /* Resources */ = {
			isa = PBXResourcesBuildPhase;
			buildActionMask = 2147483647;
			files = (
				2AEDBD26200146EB00756696 /* LaunchScreen.storyboard in Resources */,
				2AEDBD23200146EB00756696 /* Assets.xcassets in Resources */,
				2AEDBD1E200146EB00756696 /* Main.storyboard in Resources */,
			);
			runOnlyForDeploymentPostprocessing = 0;
		};
/* End PBXResourcesBuildPhase section */

/* Begin PBXSourcesBuildPhase section */
		2AEDBD11200146EB00756696 /* Sources */ = {
			isa = PBXSourcesBuildPhase;
			buildActionMask = 2147483647;
			files = (
				2AEDBD1B200146EB00756696 /* ViewController.swift in Sources */,
				2AEDBD19200146EB00756696 /* AppDelegate.swift in Sources */,
				2AEDBD21200146EB00756696 /* VolunteerNow.xcdatamodeld in Sources */,
			);
			runOnlyForDeploymentPostprocessing = 0;
		};
/* End PBXSourcesBuildPhase section */

/* Begin PBXVariantGroup section */
		2AEDBD1C200146EB00756696 /* Main.storyboard */ = {
			isa = PBXVariantGroup;
			children = (
				2AEDBD1D200146EB00756696 /* Base */,
			);
			name = Main.storyboard;
			sourceTree = "<group>";
		};
		2AEDBD24200146EB00756696 /* LaunchScreen.storyboard */ = {
			isa = PBXVariantGroup;
			children = (
				2AEDBD25200146EB00756696 /* Base */,
			);
			name = LaunchScreen.storyboard;
			sourceTree = "<group>";
		};
/* End PBXVariantGroup section */

/* Begin XCBuildConfiguration section */
		2AEDBD28200146EB00756696 /* Debug */ = {
			isa = XCBuildConfiguration;
			buildSettings = {
				ALWAYS_SEARCH_USER_PATHS = NO;
				CLANG_ANALYZER_NONNULL = YES;
				CLANG_ANALYZER_NUMBER_OBJECT_CONVERSION = YES_AGGRESSIVE;
				CLANG_CXX_LANGUAGE_STANDARD = "gnu++14";
				CLANG_CXX_LIBRARY = "libc++";
				CLANG_ENABLE_MODULES = YES;
				CLANG_ENABLE_OBJC_ARC = YES;
				CLANG_WARN_BLOCK_CAPTURE_AUTORELEASING = YES;
				CLANG_WARN_BOOL_CONVERSION = YES;
				CLANG_WARN_COMMA = YES;
				CLANG_WARN_CONSTANT_CONVERSION = YES;
				CLANG_WARN_DIRECT_OBJC_ISA_USAGE = YES_ERROR;
				CLANG_WARN_DOCUMENTATION_COMMENTS = YES;
				CLANG_WARN_EMPTY_BODY = YES;
				CLANG_WARN_ENUM_CONVERSION = YES;
				CLANG_WARN_INFINITE_RECURSION = YES;
				CLANG_WARN_INT_CONVERSION = YES;
				CLANG_WARN_NON_LITERAL_NULL_CONVERSION = YES;
				CLANG_WARN_OBJC_LITERAL_CONVERSION = YES;
				CLANG_WARN_OBJC_ROOT_CLASS = YES_ERROR;
				CLANG_WARN_RANGE_LOOP_ANALYSIS = YES;
				CLANG_WARN_STRICT_PROTOTYPES = YES;
				CLANG_WARN_SUSPICIOUS_MOVE = YES;
				CLANG_WARN_UNGUARDED_AVAILABILITY = YES_AGGRESSIVE;
				CLANG_WARN_UNREACHABLE_CODE = YES;
				CLANG_WARN__DUPLICATE_METHOD_MATCH = YES;
				CODE_SIGN_IDENTITY = "iPhone Developer";
				COPY_PHASE_STRIP = NO;
				DEBUG_INFORMATION_FORMAT = dwarf;
				ENABLE_STRICT_OBJC_MSGSEND = YES;
				ENABLE_TESTABILITY = YES;
				GCC_C_LANGUAGE_STANDARD = gnu11;
				GCC_DYNAMIC_NO_PIC = NO;
				GCC_NO_COMMON_BLOCKS = YES;
				GCC_OPTIMIZATION_LEVEL = 0;
				GCC_PREPROCESSOR_DEFINITIONS = (
					"DEBUG=1",
					"$(inherited)",
				);
				GCC_WARN_64_TO_32_BIT_CONVERSION = YES;
				GCC_WARN_ABOUT_RETURN_TYPE = YES_ERROR;
				GCC_WARN_UNDECLARED_SELECTOR = YES;
				GCC_WARN_UNINITIALIZED_AUTOS = YES_AGGRESSIVE;
				GCC_WARN_UNUSED_FUNCTION = YES;
				GCC_WARN_UNUSED_VARIABLE = YES;
				IPHONEOS_DEPLOYMENT_TARGET = 11.2;
				MTL_ENABLE_DEBUG_INFO = YES;
				ONLY_ACTIVE_ARCH = YES;
				SDKROOT = iphoneos;
				SWIFT_ACTIVE_COMPILATION_CONDITIONS = DEBUG;
				SWIFT_OPTIMIZATION_LEVEL = "-Onone";
			};
			name = Debug;
		};
		2AEDBD29200146EB00756696 /* Release */ = {
			isa = XCBuildConfiguration;
			buildSettings = {
				ALWAYS_SEARCH_USER_PATHS = NO;
				CLANG_ANALYZER_NONNULL = YES;
				CLANG_ANALYZER_NUMBER_OBJECT_CONVERSION = YES_AGGRESSIVE;
				CLANG_CXX_LANGUAGE_STANDARD = "gnu++14";
				CLANG_CXX_LIBRARY = "libc++";
				CLANG_ENABLE_MODULES = YES;
				CLANG_ENABLE_OBJC_ARC = YES;
				CLANG_WARN_BLOCK_CAPTURE_AUTORELEASING = YES;
				CLANG_WARN_BOOL_CONVERSION = YES;
				CLANG_WARN_COMMA = YES;
				CLANG_WARN_CONSTANT_CONVERSION = YES;
				CLANG_WARN_DIRECT_OBJC_ISA_USAGE = YES_ERROR;
				CLANG_WARN_DOCUMENTATION_COMMENTS = YES;
				CLANG_WARN_EMPTY_BODY = YES;
				CLANG_WARN_ENUM_CONVERSION = YES;
				CLANG_WARN_INFINITE_RECURSION = YES;
				CLANG_WARN_INT_CONVERSION = YES;
				CLANG_WARN_NON_LITERAL_NULL_CONVERSION = YES;
				CLANG_WARN_OBJC_LITERAL_CONVERSION = YES;
				CLANG_WARN_OBJC_ROOT_CLASS = YES_ERROR;
				CLANG_WARN_RANGE_LOOP_ANALYSIS = YES;
				CLANG_WARN_STRICT_PROTOTYPES = YES;
				CLANG_WARN_SUSPICIOUS_MOVE = YES;
				CLANG_WARN_UNGUARDED_AVAILABILITY = YES_AGGRESSIVE;
				CLANG_WARN_UNREACHABLE_CODE = YES;
				CLANG_WARN__DUPLICATE_METHOD_MATCH = YES;
				CODE_SIGN_IDENTITY = "iPhone Developer";
				COPY_PHASE_STRIP = NO;
				DEBUG_INFORMATION_FORMAT = "dwarf-with-dsym";
				ENABLE_NS_ASSERTIONS = NO;
				ENABLE_STRICT_OBJC_MSGSEND = YES;
				GCC_C_LANGUAGE_STANDARD = gnu11;
				GCC_NO_COMMON_BLOCKS = YES;
				GCC_WARN_64_TO_32_BIT_CONVERSION = YES;
				GCC_WARN_ABOUT_RETURN_TYPE = YES_ERROR;
				GCC_WARN_UNDECLARED_SELECTOR = YES;
				GCC_WARN_UNINITIALIZED_AUTOS = YES_AGGRESSIVE;
				GCC_WARN_UNUSED_FUNCTION = YES;
				GCC_WARN_UNUSED_VARIABLE = YES;
				IPHONEOS_DEPLOYMENT_TARGET = 11.2;
				MTL_ENABLE_DEBUG_INFO = NO;
				SDKROOT = iphoneos;
				SWIFT_OPTIMIZATION_LEVEL = "-Owholemodule";
				VALIDATE_PRODUCT = YES;
			};
			name = Release;
		};
		2AEDBD2B200146EB00756696 /* Debug */ = {
			isa = XCBuildConfiguration;
			buildSettings = {
				ASSETCATALOG_COMPILER_APPICON_NAME = AppIcon;
				CODE_SIGN_STYLE = Automatic;
				DEVELOPMENT_TEAM = 3NE2WWC249;
				INFOPLIST_FILE = VolunteerNow/Info.plist;
				LD_RUNPATH_SEARCH_PATHS = "$(inherited) @executable_path/Frameworks";
				PRODUCT_BUNDLE_IDENTIFIER = com.summitLabs.VolunteerNow;
				PRODUCT_NAME = "$(TARGET_NAME)";
				SWIFT_VERSION = 4.0;
				TARGETED_DEVICE_FAMILY = "1,2";
			};
			name = Debug;
		};
		2AEDBD2C200146EB00756696 /* Release */ = {
			isa = XCBuildConfiguration;
			buildSettings = {
				ASSETCATALOG_COMPILER_APPICON_NAME = AppIcon;
				CODE_SIGN_STYLE = Automatic;
				DEVELOPMENT_TEAM = 3NE2WWC249;
				INFOPLIST_FILE = VolunteerNow/Info.plist;
				LD_RUNPATH_SEARCH_PATHS = "$(inherited) @executable_path/Frameworks";
				PRODUCT_BUNDLE_IDENTIFIER = com.summitLabs.VolunteerNow;
				PRODUCT_NAME = "$(TARGET_NAME)";
				SWIFT_VERSION = 4.0;
				TARGETED_DEVICE_FAMILY = "1,2";
			};
			name = Release;
		};
/* End XCBuildConfiguration section */

/* Begin XCConfigurationList section */
		2AEDBD10200146EB00756696 /* Build configuration list for PBXProject "VolunteerNow" */ = {
			isa = XCConfigurationList;
			buildConfigurations = (
				2AEDBD28200146EB00756696 /* Debug */,
				2AEDBD29200146EB00756696 /* Release */,
			);
			defaultConfigurationIsVisible = 0;
			defaultConfigurationName = Release;
		};
		2AEDBD2A200146EB00756696 /* Build configuration list for PBXNativeTarget "VolunteerNow" */ = {
			isa = XCConfigurationList;
			buildConfigurations = (
				2AEDBD2B200146EB00756696 /* Debug */,
				2AEDBD2C200146EB00756696 /* Release */,
			);
			defaultConfigurationIsVisible = 0;
			defaultConfigurationName = Release;
		};
/* End XCConfigurationList section */

/* Begin XCVersionGroup section */
		2AEDBD1F200146EB00756696 /* VolunteerNow.xcdatamodeld */ = {
			isa = XCVersionGroup;
			children = (
				2AEDBD20200146EB00756696 /* VolunteerNow.xcdatamodel */,
			);
			currentVersion = 2AEDBD20200146EB00756696 /* VolunteerNow.xcdatamodel */;
			path = VolunteerNow.xcdatamodeld;
			sourceTree = "<group>";
			versionGroupType = wrapper.xcdatamodel;
		};
/* End XCVersionGroup section */
	};
	rootObject = 2AEDBD0D200146EB00756696 /* Project object */;
}
